
Microsoft Visual Studio Solution File, Format Version 12.00
# Visual Studio Version 17
VisualStudioVersion = 17.11.35222.181
MinimumVisualStudioVersion = 10.0.40219.1
Project("{2150E333-8FDC-42A3-9474-1A3956D46DE8}") = "Backends", "Backends", "{1E62709E-1342-4B4D-AA06-08BBEFF03DCE}"
EndProject
Project("{2150E333-8FDC-42A3-9474-1A3956D46DE8}") = "WebApi", "WebApi", "{25BA0AF4-9703-42DC-887F-5571697ECBF3}"
EndProject
Project("{FAE04EC0-301F-11D3-BF4B-00C04F79EFBC}") = "EchoWebApi", "backends\EchoWebApi\EchoWebApi.csproj", "{01402069-6FC0-42A0-B304-C59362CC2A4D}"
EndProject
Project("{2150E333-8FDC-42A3-9474-1A3956D46DE8}") = "Shared", "Shared", "{03084F6A-0CAE-4AD1-AF9A-0D847DE58A7C}"
EndProject
Project("{2150E333-8FDC-42A3-9474-1A3956D46DE8}") = "Orleans", "Orleans", "{BF23E04F-887C-4CA3-A0A9-25A4116C928B}"
EndProject
Project("{2150E333-8FDC-42A3-9474-1A3956D46DE8}") = "gRPC", "gRPC", "{A82F08DD-F09B-4DB3-90AB-7D501D8A4AA5}"
	ProjectSection(SolutionItems) = preProject
		shared\gRPC\echoService.proto = shared\gRPC\echoService.proto
	EndProjectSection
EndProject
Project("{FAE04EC0-301F-11D3-BF4B-00C04F79EFBC}") = "GrainInterfaces", "shared\Orleans\GrainInterfaces\GrainInterfaces.csproj", "{7C6D9305-167C-452C-AFBC-E5DA9482E936}"
EndProject
Project("{2150E333-8FDC-42A3-9474-1A3956D46DE8}") = "TestClients", "TestClients", "{DA729CA4-F144-4D90-A3AA-18BC312B799B}"
EndProject
Project("{2150E333-8FDC-42A3-9474-1A3956D46DE8}") = "Orleans", "Orleans", "{EA5B36C1-5385-41E4-8F79-6B241C88DCEC}"
EndProject
Project("{FAE04EC0-301F-11D3-BF4B-00C04F79EFBC}") = "Grains", "backends\Orleans\Grains\Grains.csproj", "{58C36DE6-A5A2-4710-A125-AF074F49CA66}"
EndProject
Project("{FAE04EC0-301F-11D3-BF4B-00C04F79EFBC}") = "SiloService", "backends\Orleans\SiloService\SiloService.csproj", "{83E953FE-6B9E-4931-B1BB-C253EDE5A4BF}"
EndProject
Project("{FAE04EC0-301F-11D3-BF4B-00C04F79EFBC}") = "OrleansConsoleApp", "testClients\OrleansConsoleApp\OrleansConsoleApp.csproj", "{857700DF-F0DB-4741-8F01-54DCC4E0ABBA}"
EndProject
Project("{FAE04EC0-301F-11D3-BF4B-00C04F79EFBC}") = "GrpcBackendService", "backends\GrpcBackendService\GrpcBackendService.csproj", "{22EE2FCF-4361-4CB3-853F-8BB33E48E48A}"
EndProject
Project("{FAE04EC0-301F-11D3-BF4B-00C04F79EFBC}") = "gRpcConsoleApp", "testClients\gRpcConsoleApp\gRpcConsoleApp.csproj", "{A6231E93-42D3-4B85-9A24-8B7105ABBE00}"
EndProject
Project("{2150E333-8FDC-42A3-9474-1A3956D46DE8}") = "Benchmarks", "Benchmarks", "{4A8A6BCA-99EB-492C-89FF-17927BCC9368}"
EndProject
Project("{FAE04EC0-301F-11D3-BF4B-00C04F79EFBC}") = "DemoRemoteMacroBenchmark", "Benchmarks\DemoRemoteMacroBenchmark\DemoRemoteMacroBenchmark.csproj", "{C7707310-A44A-4F82-A081-781746A2F90B}"
EndProject
Global
	GlobalSection(SolutionConfigurationPlatforms) = preSolution
		Debug|Any CPU = Debug|Any CPU
		Release|Any CPU = Release|Any CPU
	EndGlobalSection
	GlobalSection(ProjectConfigurationPlatforms) = postSolution
		{01402069-6FC0-42A0-B304-C59362CC2A4D}.Debug|Any CPU.ActiveCfg = Debug|Any CPU
		{01402069-6FC0-42A0-B304-C59362CC2A4D}.Debug|Any CPU.Build.0 = Debug|Any CPU
		{01402069-6FC0-42A0-B304-C59362CC2A4D}.Release|Any CPU.ActiveCfg = Release|Any CPU
		{01402069-6FC0-42A0-B304-C59362CC2A4D}.Release|Any CPU.Build.0 = Release|Any CPU
		{7C6D9305-167C-452C-AFBC-E5DA9482E936}.Debug|Any CPU.ActiveCfg = Debug|Any CPU
		{7C6D9305-167C-452C-AFBC-E5DA9482E936}.Debug|Any CPU.Build.0 = Debug|Any CPU
		{7C6D9305-167C-452C-AFBC-E5DA9482E936}.Release|Any CPU.ActiveCfg = Release|Any CPU
		{7C6D9305-167C-452C-AFBC-E5DA9482E936}.Release|Any CPU.Build.0 = Release|Any CPU
		{58C36DE6-A5A2-4710-A125-AF074F49CA66}.Debug|Any CPU.ActiveCfg = Debug|Any CPU
		{58C36DE6-A5A2-4710-A125-AF074F49CA66}.Debug|Any CPU.Build.0 = Debug|Any CPU
		{58C36DE6-A5A2-4710-A125-AF074F49CA66}.Release|Any CPU.ActiveCfg = Release|Any CPU
		{58C36DE6-A5A2-4710-A125-AF074F49CA66}.Release|Any CPU.Build.0 = Release|Any CPU
		{83E953FE-6B9E-4931-B1BB-C253EDE5A4BF}.Debug|Any CPU.ActiveCfg = Debug|Any CPU
		{83E953FE-6B9E-4931-B1BB-C253EDE5A4BF}.Debug|Any CPU.Build.0 = Debug|Any CPU
		{83E953FE-6B9E-4931-B1BB-C253EDE5A4BF}.Release|Any CPU.ActiveCfg = Release|Any CPU
		{83E953FE-6B9E-4931-B1BB-C253EDE5A4BF}.Release|Any CPU.Build.0 = Release|Any CPU
		{857700DF-F0DB-4741-8F01-54DCC4E0ABBA}.Debug|Any CPU.ActiveCfg = Debug|Any CPU
		{857700DF-F0DB-4741-8F01-54DCC4E0ABBA}.Debug|Any CPU.Build.0 = Debug|Any CPU
		{857700DF-F0DB-4741-8F01-54DCC4E0ABBA}.Release|Any CPU.ActiveCfg = Release|Any CPU
		{857700DF-F0DB-4741-8F01-54DCC4E0ABBA}.Release|Any CPU.Build.0 = Release|Any CPU
		{22EE2FCF-4361-4CB3-853F-8BB33E48E48A}.Debug|Any CPU.ActiveCfg = Debug|Any CPU
		{22EE2FCF-4361-4CB3-853F-8BB33E48E48A}.Debug|Any CPU.Build.0 = Debug|Any CPU
		{22EE2FCF-4361-4CB3-853F-8BB33E48E48A}.Release|Any CPU.ActiveCfg = Release|Any CPU
		{22EE2FCF-4361-4CB3-853F-8BB33E48E48A}.Release|Any CPU.Build.0 = Release|Any CPU
		{A6231E93-42D3-4B85-9A24-8B7105ABBE00}.Debug|Any CPU.ActiveCfg = Debug|Any CPU
		{A6231E93-42D3-4B85-9A24-8B7105ABBE00}.Debug|Any CPU.Build.0 = Debug|Any CPU
		{A6231E93-42D3-4B85-9A24-8B7105ABBE00}.Release|Any CPU.ActiveCfg = Release|Any CPU
		{A6231E93-42D3-4B85-9A24-8B7105ABBE00}.Release|Any CPU.Build.0 = Release|Any CPU
		{C7707310-A44A-4F82-A081-781746A2F90B}.Debug|Any CPU.ActiveCfg = Debug|Any CPU
		{C7707310-A44A-4F82-A081-781746A2F90B}.Debug|Any CPU.Build.0 = Debug|Any CPU
		{C7707310-A44A-4F82-A081-781746A2F90B}.Release|Any CPU.ActiveCfg = Release|Any CPU
		{C7707310-A44A-4F82-A081-781746A2F90B}.Release|Any CPU.Build.0 = Release|Any CPU
	EndGlobalSection
	GlobalSection(SolutionProperties) = preSolution
		HideSolutionNode = FALSE
	EndGlobalSection
	GlobalSection(NestedProjects) = preSolution
		{25BA0AF4-9703-42DC-887F-5571697ECBF3} = {1E62709E-1342-4B4D-AA06-08BBEFF03DCE}
		{01402069-6FC0-42A0-B304-C59362CC2A4D} = {25BA0AF4-9703-42DC-887F-5571697ECBF3}
		{BF23E04F-887C-4CA3-A0A9-25A4116C928B} = {03084F6A-0CAE-4AD1-AF9A-0D847DE58A7C}
		{A82F08DD-F09B-4DB3-90AB-7D501D8A4AA5} = {03084F6A-0CAE-4AD1-AF9A-0D847DE58A7C}
		{7C6D9305-167C-452C-AFBC-E5DA9482E936} = {BF23E04F-887C-4CA3-A0A9-25A4116C928B}
		{EA5B36C1-5385-41E4-8F79-6B241C88DCEC} = {1E62709E-1342-4B4D-AA06-08BBEFF03DCE}
		{58C36DE6-A5A2-4710-A125-AF074F49CA66} = {EA5B36C1-5385-41E4-8F79-6B241C88DCEC}
		{83E953FE-6B9E-4931-B1BB-C253EDE5A4BF} = {EA5B36C1-5385-41E4-8F79-6B241C88DCEC}
		{857700DF-F0DB-4741-8F01-54DCC4E0ABBA} = {DA729CA4-F144-4D90-A3AA-18BC312B799B}
		{22EE2FCF-4361-4CB3-853F-8BB33E48E48A} = {1E62709E-1342-4B4D-AA06-08BBEFF03DCE}
		{A6231E93-42D3-4B85-9A24-8B7105ABBE00} = {DA729CA4-F144-4D90-A3AA-18BC312B799B}
		{C7707310-A44A-4F82-A081-781746A2F90B} = {4A8A6BCA-99EB-492C-89FF-17927BCC9368}
	EndGlobalSection
	GlobalSection(ExtensibilityGlobals) = postSolution
		SolutionGuid = {89E6CBAB-38B8-4884-824E-89D2A1B29637}
	EndGlobalSection
EndGlobal
